
Microsoft Visual Studio Solution File, Format Version 12.00
# Visual Studio Version 17
VisualStudioVersion = 17.5.33516.290
MinimumVisualStudioVersion = 10.0.40219.1
Project("{9A19103F-16F7-4668-BE54-9A1E7A4F7556}") = "OverTimePolicies.api", "OverTimePolicies.api\OverTimePolicies.api.csproj", "{E2C75232-0135-4B67-9A3D-B46AF095E57B}"
EndProject
Project("{9A19103F-16F7-4668-BE54-9A1E7A4F7556}") = "OvertimePolicies.Service", "OvertimePolicies.service\OvertimePolicies.Service.csproj", "{7A6E4551-BF68-4526-ACFD-E29A720A24C5}"
EndProject
Project("{FAE04EC0-301F-11D3-BF4B-00C04F79EFBC}") = "OvertimePolicies.Test", "TestProject1\OvertimePolicies.Test.csproj", "{69CE1371-3B98-4CB6-A5EA-A1656C41953E}"
EndProject
Global
	GlobalSection(SolutionConfigurationPlatforms) = preSolution
		Debug|Any CPU = Debug|Any CPU
		Release|Any CPU = Release|Any CPU
	EndGlobalSection
	GlobalSection(ProjectConfigurationPlatforms) = postSolution
		{E2C75232-0135-4B67-9A3D-B46AF095E57B}.Debug|Any CPU.ActiveCfg = Debug|Any CPU
		{E2C75232-0135-4B67-9A3D-B46AF095E57B}.Debug|Any CPU.Build.0 = Debug|Any CPU
		{E2C75232-0135-4B67-9A3D-B46AF095E57B}.Release|Any CPU.ActiveCfg = Release|Any CPU
		{E2C75232-0135-4B67-9A3D-B46AF095E57B}.Release|Any CPU.Build.0 = Release|Any CPU
		{7A6E4551-BF68-4526-ACFD-E29A720A24C5}.Debug|Any CPU.ActiveCfg = Debug|Any CPU
		{7A6E4551-BF68-4526-ACFD-E29A720A24C5}.Debug|Any CPU.Build.0 = Debug|Any CPU
		{7A6E4551-BF68-4526-ACFD-E29A720A24C5}.Release|Any CPU.ActiveCfg = Release|Any CPU
		{7A6E4551-BF68-4526-ACFD-E29A720A24C5}.Release|Any CPU.Build.0 = Release|Any CPU
		{69CE1371-3B98-4CB6-A5EA-A1656C41953E}.Debug|Any CPU.ActiveCfg = Debug|Any CPU
		{69CE1371-3B98-4CB6-A5EA-A1656C41953E}.Debug|Any CPU.Build.0 = Debug|Any CPU
		{69CE1371-3B98-4CB6-A5EA-A1656C41953E}.Release|Any CPU.ActiveCfg = Release|Any CPU
		{69CE1371-3B98-4CB6-A5EA-A1656C41953E}.Release|Any CPU.Build.0 = Release|Any CPU
	EndGlobalSection
	GlobalSection(SolutionProperties) = preSolution
		HideSolutionNode = FALSE
	EndGlobalSection
	GlobalSection(ExtensibilityGlobals) = postSolution
		SolutionGuid = {5FD3350A-0FFB-437D-897F-B60DA7AB87EA}
	EndGlobalSection
EndGlobal
